// !$*UTF8*$!
{
	archiveVersion = 1;
	classes = {
	};
	objectVersion = 50;
	objects = {

/* Begin PBXBuildFile section */
		947430E1207837CA00C81A4B /* AppDelegate.swift in Sources */ = {isa = PBXBuildFile; fileRef = 947430E0207837CA00C81A4B /* AppDelegate.swift */; };
		947430E3207837CA00C81A4B /* ViewController.swift in Sources */ = {isa = PBXBuildFile; fileRef = 947430E2207837CA00C81A4B /* ViewController.swift */; };
		947430E6207837CA00C81A4B /* Main.storyboard in Resources */ = {isa = PBXBuildFile; fileRef = 947430E4207837CA00C81A4B /* Main.storyboard */; };
		947430E8207837CB00C81A4B /* Assets.xcassets in Resources */ = {isa = PBXBuildFile; fileRef = 947430E7207837CB00C81A4B /* Assets.xcassets */; };
		947430EB207837CB00C81A4B /* LaunchScreen.storyboard in Resources */ = {isa = PBXBuildFile; fileRef = 947430E9207837CB00C81A4B /* LaunchScreen.storyboard */; };
		94BE916520783BF100597B82 /* TestSpec.swift in Sources */ = {isa = PBXBuildFile; fileRef = 94BE916420783BF100597B82 /* TestSpec.swift */; };
		94CB9A80207842B000F6BC1E /* BubbleSort.swift in Sources */ = {isa = PBXBuildFile; fileRef = 94CB9A7F207842B000F6BC1E /* BubbleSort.swift */; };
		94CB9A8220787E8600F6BC1E /* BubbleSortSpec.swift in Sources */ = {isa = PBXBuildFile; fileRef = 94CB9A8120787E8600F6BC1E /* BubbleSortSpec.swift */; };
		94CB9A84207EC30300F6BC1E /* SinglyLinkedList.swift in Sources */ = {isa = PBXBuildFile; fileRef = 94CB9A83207EC30300F6BC1E /* SinglyLinkedList.swift */; };
		94CB9A88207EC32A00F6BC1E /* SinglyLinkedListSpec.swift in Sources */ = {isa = PBXBuildFile; fileRef = 94CB9A87207EC32A00F6BC1E /* SinglyLinkedListSpec.swift */; };
		94CB9A8A207EC35900F6BC1E /* SingleNode.swift in Sources */ = {isa = PBXBuildFile; fileRef = 94CB9A89207EC35900F6BC1E /* SingleNode.swift */; };
		94CB9A8C207EC37000F6BC1E /* SingleNodeSpec.swift in Sources */ = {isa = PBXBuildFile; fileRef = 94CB9A8B207EC37000F6BC1E /* SingleNodeSpec.swift */; };
		94CB9A8E207FF09700F6BC1E /* LinkedList.swift in Sources */ = {isa = PBXBuildFile; fileRef = 94CB9A8D207FF09700F6BC1E /* LinkedList.swift */; };
		94CB9A90207FF28500F6BC1E /* DoublyLinkedList.swift in Sources */ = {isa = PBXBuildFile; fileRef = 94CB9A8F207FF28500F6BC1E /* DoublyLinkedList.swift */; };
		94CB9A92207FF29400F6BC1E /* DoubleNode.swift in Sources */ = {isa = PBXBuildFile; fileRef = 94CB9A91207FF29400F6BC1E /* DoubleNode.swift */; };
		94CB9A94207FF2A500F6BC1E /* DoubleNodeSpec.swift in Sources */ = {isa = PBXBuildFile; fileRef = 94CB9A93207FF2A500F6BC1E /* DoubleNodeSpec.swift */; };
		94CB9A97207FF83B00F6BC1E /* DoublyLinkedListSpec.swift in Sources */ = {isa = PBXBuildFile; fileRef = 94CB9A96207FF83B00F6BC1E /* DoublyLinkedListSpec.swift */; };
		94CB9A9A20805E6A00F6BC1E /* String+Reverse.swift in Sources */ = {isa = PBXBuildFile; fileRef = 94CB9A9920805E6A00F6BC1E /* String+Reverse.swift */; };
		94CB9A9D20805EA500F6BC1E /* String+ReverseSpec.swift in Sources */ = {isa = PBXBuildFile; fileRef = 94CB9A9C20805EA500F6BC1E /* String+ReverseSpec.swift */; };
		94CB9A9F208139FE00F6BC1E /* Stack.swift in Sources */ = {isa = PBXBuildFile; fileRef = 94CB9A9E208139FE00F6BC1E /* Stack.swift */; };
		94CB9AA120813A2100F6BC1E /* StackSpec.swift in Sources */ = {isa = PBXBuildFile; fileRef = 94CB9AA020813A2100F6BC1E /* StackSpec.swift */; };
		94CB9AA320815E8F00F6BC1E /* GenericSingleNode.swift in Sources */ = {isa = PBXBuildFile; fileRef = 94CB9AA220815E8F00F6BC1E /* GenericSingleNode.swift */; };
		94CB9AA520815EF600F6BC1E /* GenericSingleNodeSpec.swift in Sources */ = {isa = PBXBuildFile; fileRef = 94CB9AA420815EF600F6BC1E /* GenericSingleNodeSpec.swift */; };
		94CB9AA72081619500F6BC1E /* GenericSinglyLinkedList.swift in Sources */ = {isa = PBXBuildFile; fileRef = 94CB9AA62081619500F6BC1E /* GenericSinglyLinkedList.swift */; };
		94CB9AAB208166FD00F6BC1E /* GenericSinglyLinkedListSpec.swift in Sources */ = {isa = PBXBuildFile; fileRef = 94CB9AAA208166FD00F6BC1E /* GenericSinglyLinkedListSpec.swift */; };
		94CB9AAD2082DAB700F6BC1E /* String+Palindrome.swift in Sources */ = {isa = PBXBuildFile; fileRef = 94CB9AAC2082DAB700F6BC1E /* String+Palindrome.swift */; };
		94CB9AAF2082DB6D00F6BC1E /* String+PalindromeSpec.swift in Sources */ = {isa = PBXBuildFile; fileRef = 94CB9AAE2082DB6D00F6BC1E /* String+PalindromeSpec.swift */; };
		94CB9AB12084031E00F6BC1E /* Int+Reverse.swift in Sources */ = {isa = PBXBuildFile; fileRef = 94CB9AB02084031E00F6BC1E /* Int+Reverse.swift */; };
		94CB9AB32084032E00F6BC1E /* Int+ReverseSpec.swift in Sources */ = {isa = PBXBuildFile; fileRef = 94CB9AB22084032E00F6BC1E /* Int+ReverseSpec.swift */; };
		A66B2E5CBDE9B59914CD07A9 /* Pods_Specs.framework in Frameworks */ = {isa = PBXBuildFile; fileRef = DAFA4F5C815C33984DA7FF5D /* Pods_Specs.framework */; };
		C590BA6BEE1DA77B146BC6D3 /* Pods_AlgorithmsAndDataStructuresInSwift.framework in Frameworks */ = {isa = PBXBuildFile; fileRef = 0065D38C1F3BC485C7B9F927 /* Pods_AlgorithmsAndDataStructuresInSwift.framework */; };
/* End PBXBuildFile section */

/* Begin PBXContainerItemProxy section */
		94BE916720783BF100597B82 /* PBXContainerItemProxy */ = {
			isa = PBXContainerItemProxy;
			containerPortal = 947430D5207837CA00C81A4B /* Project object */;
			proxyType = 1;
			remoteGlobalIDString = 947430DC207837CA00C81A4B;
			remoteInfo = AlgorithmsAndDataStructuresInSwift;
		};
/* End PBXContainerItemProxy section */

/* Begin PBXFileReference section */
		0065D38C1F3BC485C7B9F927 /* Pods_AlgorithmsAndDataStructuresInSwift.framework */ = {isa = PBXFileReference; explicitFileType = wrapper.framework; includeInIndex = 0; path = Pods_AlgorithmsAndDataStructuresInSwift.framework; sourceTree = BUILT_PRODUCTS_DIR; };
		107C753A2ABDD70CB5E471C5 /* Pods-AlgorithmsAndDataStructuresInSwift.release.xcconfig */ = {isa = PBXFileReference; includeInIndex = 1; lastKnownFileType = text.xcconfig; name = "Pods-AlgorithmsAndDataStructuresInSwift.release.xcconfig"; path = "Pods/Target Support Files/Pods-AlgorithmsAndDataStructuresInSwift/Pods-AlgorithmsAndDataStructuresInSwift.release.xcconfig"; sourceTree = "<group>"; };
		5ACD4936ECF80FF05514D91A /* Pods-Specs.release.xcconfig */ = {isa = PBXFileReference; includeInIndex = 1; lastKnownFileType = text.xcconfig; name = "Pods-Specs.release.xcconfig"; path = "Pods/Target Support Files/Pods-Specs/Pods-Specs.release.xcconfig"; sourceTree = "<group>"; };
		9002B60AD6C8D70030D06084 /* Pods-Specs.debug.xcconfig */ = {isa = PBXFileReference; includeInIndex = 1; lastKnownFileType = text.xcconfig; name = "Pods-Specs.debug.xcconfig"; path = "Pods/Target Support Files/Pods-Specs/Pods-Specs.debug.xcconfig"; sourceTree = "<group>"; };
		947430DD207837CA00C81A4B /* AlgorithmsAndDataStructuresInSwift.app */ = {isa = PBXFileReference; explicitFileType = wrapper.application; includeInIndex = 0; path = AlgorithmsAndDataStructuresInSwift.app; sourceTree = BUILT_PRODUCTS_DIR; };
		947430E0207837CA00C81A4B /* AppDelegate.swift */ = {isa = PBXFileReference; lastKnownFileType = sourcecode.swift; path = AppDelegate.swift; sourceTree = "<group>"; };
		947430E2207837CA00C81A4B /* ViewController.swift */ = {isa = PBXFileReference; lastKnownFileType = sourcecode.swift; path = ViewController.swift; sourceTree = "<group>"; };
		947430E5207837CA00C81A4B /* Base */ = {isa = PBXFileReference; lastKnownFileType = file.storyboard; name = Base; path = Base.lproj/Main.storyboard; sourceTree = "<group>"; };
		947430E7207837CB00C81A4B /* Assets.xcassets */ = {isa = PBXFileReference; lastKnownFileType = folder.assetcatalog; path = Assets.xcassets; sourceTree = "<group>"; };
		947430EA207837CB00C81A4B /* Base */ = {isa = PBXFileReference; lastKnownFileType = file.storyboard; name = Base; path = Base.lproj/LaunchScreen.storyboard; sourceTree = "<group>"; };
		947430EC207837CB00C81A4B /* Info.plist */ = {isa = PBXFileReference; lastKnownFileType = text.plist.xml; path = Info.plist; sourceTree = "<group>"; };
		94BE916220783BF100597B82 /* Specs.xctest */ = {isa = PBXFileReference; explicitFileType = wrapper.cfbundle; includeInIndex = 0; path = Specs.xctest; sourceTree = BUILT_PRODUCTS_DIR; };
		94BE916420783BF100597B82 /* TestSpec.swift */ = {isa = PBXFileReference; lastKnownFileType = sourcecode.swift; path = TestSpec.swift; sourceTree = "<group>"; };
		94BE916620783BF100597B82 /* Info.plist */ = {isa = PBXFileReference; lastKnownFileType = text.plist.xml; path = Info.plist; sourceTree = "<group>"; };
		94CB9A7F207842B000F6BC1E /* BubbleSort.swift */ = {isa = PBXFileReference; lastKnownFileType = sourcecode.swift; path = BubbleSort.swift; sourceTree = "<group>"; };
		94CB9A8120787E8600F6BC1E /* BubbleSortSpec.swift */ = {isa = PBXFileReference; lastKnownFileType = sourcecode.swift; path = BubbleSortSpec.swift; sourceTree = "<group>"; };
		94CB9A83207EC30300F6BC1E /* SinglyLinkedList.swift */ = {isa = PBXFileReference; lastKnownFileType = sourcecode.swift; path = SinglyLinkedList.swift; sourceTree = "<group>"; };
		94CB9A87207EC32A00F6BC1E /* SinglyLinkedListSpec.swift */ = {isa = PBXFileReference; lastKnownFileType = sourcecode.swift; path = SinglyLinkedListSpec.swift; sourceTree = "<group>"; };
		94CB9A89207EC35900F6BC1E /* SingleNode.swift */ = {isa = PBXFileReference; lastKnownFileType = sourcecode.swift; path = SingleNode.swift; sourceTree = "<group>"; };
		94CB9A8B207EC37000F6BC1E /* SingleNodeSpec.swift */ = {isa = PBXFileReference; lastKnownFileType = sourcecode.swift; path = SingleNodeSpec.swift; sourceTree = "<group>"; };
		94CB9A8D207FF09700F6BC1E /* LinkedList.swift */ = {isa = PBXFileReference; lastKnownFileType = sourcecode.swift; path = LinkedList.swift; sourceTree = "<group>"; };
		94CB9A8F207FF28500F6BC1E /* DoublyLinkedList.swift */ = {isa = PBXFileReference; lastKnownFileType = sourcecode.swift; path = DoublyLinkedList.swift; sourceTree = "<group>"; };
		94CB9A91207FF29400F6BC1E /* DoubleNode.swift */ = {isa = PBXFileReference; lastKnownFileType = sourcecode.swift; path = DoubleNode.swift; sourceTree = "<group>"; };
		94CB9A93207FF2A500F6BC1E /* DoubleNodeSpec.swift */ = {isa = PBXFileReference; lastKnownFileType = sourcecode.swift; path = DoubleNodeSpec.swift; sourceTree = "<group>"; };
		94CB9A96207FF83B00F6BC1E /* DoublyLinkedListSpec.swift */ = {isa = PBXFileReference; lastKnownFileType = sourcecode.swift; path = DoublyLinkedListSpec.swift; sourceTree = "<group>"; };
		94CB9A9920805E6A00F6BC1E /* String+Reverse.swift */ = {isa = PBXFileReference; lastKnownFileType = sourcecode.swift; path = "String+Reverse.swift"; sourceTree = "<group>"; };
		94CB9A9C20805EA500F6BC1E /* String+ReverseSpec.swift */ = {isa = PBXFileReference; lastKnownFileType = sourcecode.swift; path = "String+ReverseSpec.swift"; sourceTree = "<group>"; };
		94CB9A9E208139FE00F6BC1E /* Stack.swift */ = {isa = PBXFileReference; lastKnownFileType = sourcecode.swift; path = Stack.swift; sourceTree = "<group>"; };
		94CB9AA020813A2100F6BC1E /* StackSpec.swift */ = {isa = PBXFileReference; lastKnownFileType = sourcecode.swift; path = StackSpec.swift; sourceTree = "<group>"; };
		94CB9AA220815E8F00F6BC1E /* GenericSingleNode.swift */ = {isa = PBXFileReference; lastKnownFileType = sourcecode.swift; path = GenericSingleNode.swift; sourceTree = "<group>"; };
		94CB9AA420815EF600F6BC1E /* GenericSingleNodeSpec.swift */ = {isa = PBXFileReference; lastKnownFileType = sourcecode.swift; path = GenericSingleNodeSpec.swift; sourceTree = "<group>"; };
		94CB9AA62081619500F6BC1E /* GenericSinglyLinkedList.swift */ = {isa = PBXFileReference; lastKnownFileType = sourcecode.swift; path = GenericSinglyLinkedList.swift; sourceTree = "<group>"; };
		94CB9AAA208166FD00F6BC1E /* GenericSinglyLinkedListSpec.swift */ = {isa = PBXFileReference; lastKnownFileType = sourcecode.swift; path = GenericSinglyLinkedListSpec.swift; sourceTree = "<group>"; };
		94CB9AAC2082DAB700F6BC1E /* String+Palindrome.swift */ = {isa = PBXFileReference; lastKnownFileType = sourcecode.swift; path = "String+Palindrome.swift"; sourceTree = "<group>"; };
		94CB9AAE2082DB6D00F6BC1E /* String+PalindromeSpec.swift */ = {isa = PBXFileReference; lastKnownFileType = sourcecode.swift; path = "String+PalindromeSpec.swift"; sourceTree = "<group>"; };
		94CB9AB02084031E00F6BC1E /* Int+Reverse.swift */ = {isa = PBXFileReference; lastKnownFileType = sourcecode.swift; path = "Int+Reverse.swift"; sourceTree = "<group>"; };
		94CB9AB22084032E00F6BC1E /* Int+ReverseSpec.swift */ = {isa = PBXFileReference; lastKnownFileType = sourcecode.swift; path = "Int+ReverseSpec.swift"; sourceTree = "<group>"; };
		DAFA4F5C815C33984DA7FF5D /* Pods_Specs.framework */ = {isa = PBXFileReference; explicitFileType = wrapper.framework; includeInIndex = 0; path = Pods_Specs.framework; sourceTree = BUILT_PRODUCTS_DIR; };
		ED98151E623575A12B6EF542 /* Pods-AlgorithmsAndDataStructuresInSwift.debug.xcconfig */ = {isa = PBXFileReference; includeInIndex = 1; lastKnownFileType = text.xcconfig; name = "Pods-AlgorithmsAndDataStructuresInSwift.debug.xcconfig"; path = "Pods/Target Support Files/Pods-AlgorithmsAndDataStructuresInSwift/Pods-AlgorithmsAndDataStructuresInSwift.debug.xcconfig"; sourceTree = "<group>"; };
/* End PBXFileReference section */

/* Begin PBXFrameworksBuildPhase section */
		947430DA207837CA00C81A4B /* Frameworks */ = {
			isa = PBXFrameworksBuildPhase;
			buildActionMask = 2147483647;
			files = (
				C590BA6BEE1DA77B146BC6D3 /* Pods_AlgorithmsAndDataStructuresInSwift.framework in Frameworks */,
			);
			runOnlyForDeploymentPostprocessing = 0;
		};
		94BE915F20783BF100597B82 /* Frameworks */ = {
			isa = PBXFrameworksBuildPhase;
			buildActionMask = 2147483647;
			files = (
				A66B2E5CBDE9B59914CD07A9 /* Pods_Specs.framework in Frameworks */,
			);
			runOnlyForDeploymentPostprocessing = 0;
		};
/* End PBXFrameworksBuildPhase section */

/* Begin PBXGroup section */
		5CC2DD58D22E604439EE7C20 /* Pods */ = {
			isa = PBXGroup;
			children = (
				9002B60AD6C8D70030D06084 /* Pods-Specs.debug.xcconfig */,
				5ACD4936ECF80FF05514D91A /* Pods-Specs.release.xcconfig */,
				ED98151E623575A12B6EF542 /* Pods-AlgorithmsAndDataStructuresInSwift.debug.xcconfig */,
				107C753A2ABDD70CB5E471C5 /* Pods-AlgorithmsAndDataStructuresInSwift.release.xcconfig */,
			);
			name = Pods;
			sourceTree = "<group>";
		};
		65785E7C8CA1EF3E35840394 /* Frameworks */ = {
			isa = PBXGroup;
			children = (
				DAFA4F5C815C33984DA7FF5D /* Pods_Specs.framework */,
				0065D38C1F3BC485C7B9F927 /* Pods_AlgorithmsAndDataStructuresInSwift.framework */,
			);
			name = Frameworks;
			sourceTree = "<group>";
		};
		9447B297207BD6C4009A184E /* Data Structures */ = {
			isa = PBXGroup;
			children = (
				94CB9A91207FF29400F6BC1E /* DoubleNode.swift */,
				94CB9A8F207FF28500F6BC1E /* DoublyLinkedList.swift */,
				94CB9AA220815E8F00F6BC1E /* GenericSingleNode.swift */,
				94CB9AA62081619500F6BC1E /* GenericSinglyLinkedList.swift */,
				94CB9A8D207FF09700F6BC1E /* LinkedList.swift */,
				94CB9A89207EC35900F6BC1E /* SingleNode.swift */,
				94CB9A83207EC30300F6BC1E /* SinglyLinkedList.swift */,
				94CB9A9E208139FE00F6BC1E /* Stack.swift */,
			);
			path = "Data Structures";
			sourceTree = "<group>";
		};
		947430D4207837CA00C81A4B = {
			isa = PBXGroup;
			children = (
				947430DF207837CA00C81A4B /* AlgorithmsAndDataStructuresInSwift */,
				94BE916320783BF100597B82 /* Specs */,
				947430DE207837CA00C81A4B /* Products */,
				5CC2DD58D22E604439EE7C20 /* Pods */,
				65785E7C8CA1EF3E35840394 /* Frameworks */,
			);
			sourceTree = "<group>";
		};
		947430DE207837CA00C81A4B /* Products */ = {
			isa = PBXGroup;
			children = (
				947430DD207837CA00C81A4B /* AlgorithmsAndDataStructuresInSwift.app */,
				94BE916220783BF100597B82 /* Specs.xctest */,
			);
			name = Products;
			sourceTree = "<group>";
		};
		947430DF207837CA00C81A4B /* AlgorithmsAndDataStructuresInSwift */ = {
			isa = PBXGroup;
			children = (
				94CB9A7C20783DBC00F6BC1E /* Algorithms */,
				94CB9A7920783D8F00F6BC1E /* AppCode */,
				94CB9A9820805D8A00F6BC1E /* Code Challenges */,
				9447B297207BD6C4009A184E /* Data Structures */,
				94CB9A7A20783D9A00F6BC1E /* Resources */,
				94CB9A7B20783DAB00F6BC1E /* Supporting Files */,
			);
			path = AlgorithmsAndDataStructuresInSwift;
			sourceTree = "<group>";
		};
		94BE916320783BF100597B82 /* Specs */ = {
			isa = PBXGroup;
			children = (
				94CB9A85207EC30B00F6BC1E /* Algorithms */,
				94CB9A9B20805E9100F6BC1E /* Code Challenges */,
				94CB9A86207EC31800F6BC1E /* Data Structures */,
				94CB9A7E20783DD000F6BC1E /* Supporting Files */,
				94BE916420783BF100597B82 /* TestSpec.swift */,
			);
			path = Specs;
			sourceTree = "<group>";
		};
		94CB9A7920783D8F00F6BC1E /* AppCode */ = {
			isa = PBXGroup;
			children = (
				947430E4207837CA00C81A4B /* Main.storyboard */,
				947430E0207837CA00C81A4B /* AppDelegate.swift */,
				947430E2207837CA00C81A4B /* ViewController.swift */,
			);
			path = AppCode;
			sourceTree = "<group>";
		};
		94CB9A7A20783D9A00F6BC1E /* Resources */ = {
			isa = PBXGroup;
			children = (
				947430E7207837CB00C81A4B /* Assets.xcassets */,
			);
			path = Resources;
			sourceTree = "<group>";
		};
		94CB9A7B20783DAB00F6BC1E /* Supporting Files */ = {
			isa = PBXGroup;
			children = (
				947430E9207837CB00C81A4B /* LaunchScreen.storyboard */,
				947430EC207837CB00C81A4B /* Info.plist */,
			);
			path = "Supporting Files";
			sourceTree = "<group>";
		};
		94CB9A7C20783DBC00F6BC1E /* Algorithms */ = {
			isa = PBXGroup;
			children = (
				94CB9A7F207842B000F6BC1E /* BubbleSort.swift */,
			);
			path = Algorithms;
			sourceTree = "<group>";
		};
		94CB9A7E20783DD000F6BC1E /* Supporting Files */ = {
			isa = PBXGroup;
			children = (
				94BE916620783BF100597B82 /* Info.plist */,
			);
			path = "Supporting Files";
			sourceTree = "<group>";
		};
		94CB9A85207EC30B00F6BC1E /* Algorithms */ = {
			isa = PBXGroup;
			children = (
				94CB9A8120787E8600F6BC1E /* BubbleSortSpec.swift */,
			);
			path = Algorithms;
			sourceTree = "<group>";
		};
		94CB9A86207EC31800F6BC1E /* Data Structures */ = {
			isa = PBXGroup;
			children = (
				94CB9A93207FF2A500F6BC1E /* DoubleNodeSpec.swift */,
				94CB9A96207FF83B00F6BC1E /* DoublyLinkedListSpec.swift */,
				94CB9AA420815EF600F6BC1E /* GenericSingleNodeSpec.swift */,
				94CB9AAA208166FD00F6BC1E /* GenericSinglyLinkedListSpec.swift */,
				94CB9A8B207EC37000F6BC1E /* SingleNodeSpec.swift */,
				94CB9A87207EC32A00F6BC1E /* SinglyLinkedListSpec.swift */,
				94CB9AA020813A2100F6BC1E /* StackSpec.swift */,
			);
			path = "Data Structures";
			sourceTree = "<group>";
		};
		94CB9A9820805D8A00F6BC1E /* Code Challenges */ = {
			isa = PBXGroup;
			children = (
				94CB9AB02084031E00F6BC1E /* Int+Reverse.swift */,
				94CB9AAC2082DAB700F6BC1E /* String+Palindrome.swift */,
				94CB9A9920805E6A00F6BC1E /* String+Reverse.swift */,
			);
			path = "Code Challenges";
			sourceTree = "<group>";
		};
		94CB9A9B20805E9100F6BC1E /* Code Challenges */ = {
			isa = PBXGroup;
			children = (
				94CB9AAE2082DB6D00F6BC1E /* String+PalindromeSpec.swift */,
				94CB9A9C20805EA500F6BC1E /* String+ReverseSpec.swift */,
				94CB9AB22084032E00F6BC1E /* Int+ReverseSpec.swift */,
			);
			path = "Code Challenges";
			sourceTree = "<group>";
		};
/* End PBXGroup section */

/* Begin PBXNativeTarget section */
		947430DC207837CA00C81A4B /* AlgorithmsAndDataStructuresInSwift */ = {
			isa = PBXNativeTarget;
			buildConfigurationList = 947430EF207837CB00C81A4B /* Build configuration list for PBXNativeTarget "AlgorithmsAndDataStructuresInSwift" */;
			buildPhases = (
				AFF05C28AC8EE760FC7A5CE6 /* [CP] Check Pods Manifest.lock */,
				947430D9207837CA00C81A4B /* Sources */,
				947430DA207837CA00C81A4B /* Frameworks */,
				947430DB207837CA00C81A4B /* Resources */,
			);
			buildRules = (
			);
			dependencies = (
			);
			name = AlgorithmsAndDataStructuresInSwift;
			productName = AlgorithmsAndDataStructuresInSwift;
			productReference = 947430DD207837CA00C81A4B /* AlgorithmsAndDataStructuresInSwift.app */;
			productType = "com.apple.product-type.application";
		};
		94BE916120783BF100597B82 /* Specs */ = {
			isa = PBXNativeTarget;
			buildConfigurationList = 94BE916B20783BF100597B82 /* Build configuration list for PBXNativeTarget "Specs" */;
			buildPhases = (
				8D9FCC8ED3D8D70C7F9BB302 /* [CP] Check Pods Manifest.lock */,
				94BE915E20783BF100597B82 /* Sources */,
				94BE915F20783BF100597B82 /* Frameworks */,
				94BE916020783BF100597B82 /* Resources */,
				37C38073DE7E1B0D0A55E210 /* [CP] Embed Pods Frameworks */,
			);
			buildRules = (
			);
			dependencies = (
				94BE916820783BF100597B82 /* PBXTargetDependency */,
			);
			name = Specs;
			productName = Specs;
			productReference = 94BE916220783BF100597B82 /* Specs.xctest */;
			productType = "com.apple.product-type.bundle.unit-test";
		};
/* End PBXNativeTarget section */

/* Begin PBXProject section */
		947430D5207837CA00C81A4B /* Project object */ = {
			isa = PBXProject;
			attributes = {
				LastSwiftUpdateCheck = 0930;
				LastUpgradeCheck = 0930;
				ORGANIZATIONNAME = rkb;
				TargetAttributes = {
					947430DC207837CA00C81A4B = {
						CreatedOnToolsVersion = 9.3;
					};
					94BE916120783BF100597B82 = {
						CreatedOnToolsVersion = 9.3;
						TestTargetID = 947430DC207837CA00C81A4B;
					};
				};
			};
			buildConfigurationList = 947430D8207837CA00C81A4B /* Build configuration list for PBXProject "AlgorithmsAndDataStructuresInSwift" */;
			compatibilityVersion = "Xcode 9.3";
			developmentRegion = en;
			hasScannedForEncodings = 0;
			knownRegions = (
				en,
				Base,
			);
			mainGroup = 947430D4207837CA00C81A4B;
			productRefGroup = 947430DE207837CA00C81A4B /* Products */;
			projectDirPath = "";
			projectRoot = "";
			targets = (
				947430DC207837CA00C81A4B /* AlgorithmsAndDataStructuresInSwift */,
				94BE916120783BF100597B82 /* Specs */,
			);
		};
/* End PBXProject section */

/* Begin PBXResourcesBuildPhase section */
		947430DB207837CA00C81A4B /* Resources */ = {
			isa = PBXResourcesBuildPhase;
			buildActionMask = 2147483647;
			files = (
				947430EB207837CB00C81A4B /* LaunchScreen.storyboard in Resources */,
				947430E8207837CB00C81A4B /* Assets.xcassets in Resources */,
				947430E6207837CA00C81A4B /* Main.storyboard in Resources */,
			);
			runOnlyForDeploymentPostprocessing = 0;
		};
		94BE916020783BF100597B82 /* Resources */ = {
			isa = PBXResourcesBuildPhase;
			buildActionMask = 2147483647;
			files = (
			);
			runOnlyForDeploymentPostprocessing = 0;
		};
/* End PBXResourcesBuildPhase section */

/* Begin PBXShellScriptBuildPhase section */
		37C38073DE7E1B0D0A55E210 /* [CP] Embed Pods Frameworks */ = {
			isa = PBXShellScriptBuildPhase;
			buildActionMask = 2147483647;
			files = (
			);
			inputPaths = (
				"${SRCROOT}/Pods/Target Support Files/Pods-Specs/Pods-Specs-frameworks.sh",
				"${BUILT_PRODUCTS_DIR}/Nimble/Nimble.framework",
				"${BUILT_PRODUCTS_DIR}/Quick/Quick.framework",
			);
			name = "[CP] Embed Pods Frameworks";
			outputPaths = (
				"${TARGET_BUILD_DIR}/${FRAMEWORKS_FOLDER_PATH}/Nimble.framework",
				"${TARGET_BUILD_DIR}/${FRAMEWORKS_FOLDER_PATH}/Quick.framework",
			);
			runOnlyForDeploymentPostprocessing = 0;
			shellPath = /bin/sh;
			shellScript = "\"${SRCROOT}/Pods/Target Support Files/Pods-Specs/Pods-Specs-frameworks.sh\"\n";
			showEnvVarsInLog = 0;
		};
		8D9FCC8ED3D8D70C7F9BB302 /* [CP] Check Pods Manifest.lock */ = {
			isa = PBXShellScriptBuildPhase;
			buildActionMask = 2147483647;
			files = (
			);
			inputPaths = (
				"${PODS_PODFILE_DIR_PATH}/Podfile.lock",
				"${PODS_ROOT}/Manifest.lock",
			);
			name = "[CP] Check Pods Manifest.lock";
			outputPaths = (
				"$(DERIVED_FILE_DIR)/Pods-Specs-checkManifestLockResult.txt",
			);
			runOnlyForDeploymentPostprocessing = 0;
			shellPath = /bin/sh;
			shellScript = "diff \"${PODS_PODFILE_DIR_PATH}/Podfile.lock\" \"${PODS_ROOT}/Manifest.lock\" > /dev/null\nif [ $? != 0 ] ; then\n    # print error to STDERR\n    echo \"error: The sandbox is not in sync with the Podfile.lock. Run 'pod install' or update your CocoaPods installation.\" >&2\n    exit 1\nfi\n# This output is used by Xcode 'outputs' to avoid re-running this script phase.\necho \"SUCCESS\" > \"${SCRIPT_OUTPUT_FILE_0}\"\n";
			showEnvVarsInLog = 0;
		};
		AFF05C28AC8EE760FC7A5CE6 /* [CP] Check Pods Manifest.lock */ = {
			isa = PBXShellScriptBuildPhase;
			buildActionMask = 2147483647;
			files = (
			);
			inputPaths = (
				"${PODS_PODFILE_DIR_PATH}/Podfile.lock",
				"${PODS_ROOT}/Manifest.lock",
			);
			name = "[CP] Check Pods Manifest.lock";
			outputPaths = (
				"$(DERIVED_FILE_DIR)/Pods-AlgorithmsAndDataStructuresInSwift-checkManifestLockResult.txt",
			);
			runOnlyForDeploymentPostprocessing = 0;
			shellPath = /bin/sh;
			shellScript = "diff \"${PODS_PODFILE_DIR_PATH}/Podfile.lock\" \"${PODS_ROOT}/Manifest.lock\" > /dev/null\nif [ $? != 0 ] ; then\n    # print error to STDERR\n    echo \"error: The sandbox is not in sync with the Podfile.lock. Run 'pod install' or update your CocoaPods installation.\" >&2\n    exit 1\nfi\n# This output is used by Xcode 'outputs' to avoid re-running this script phase.\necho \"SUCCESS\" > \"${SCRIPT_OUTPUT_FILE_0}\"\n";
			showEnvVarsInLog = 0;
		};
/* End PBXShellScriptBuildPhase section */

/* Begin PBXSourcesBuildPhase section */
		947430D9207837CA00C81A4B /* Sources */ = {
			isa = PBXSourcesBuildPhase;
			buildActionMask = 2147483647;
			files = (
				94CB9AB12084031E00F6BC1E /* Int+Reverse.swift in Sources */,
				94CB9A8E207FF09700F6BC1E /* LinkedList.swift in Sources */,
				94CB9A8A207EC35900F6BC1E /* SingleNode.swift in Sources */,
				94CB9AA320815E8F00F6BC1E /* GenericSingleNode.swift in Sources */,
				94CB9A9A20805E6A00F6BC1E /* String+Reverse.swift in Sources */,
				94CB9A90207FF28500F6BC1E /* DoublyLinkedList.swift in Sources */,
				947430E3207837CA00C81A4B /* ViewController.swift in Sources */,
				94CB9A92207FF29400F6BC1E /* DoubleNode.swift in Sources */,
				94CB9A9F208139FE00F6BC1E /* Stack.swift in Sources */,
				94CB9AAD2082DAB700F6BC1E /* String+Palindrome.swift in Sources */,
				947430E1207837CA00C81A4B /* AppDelegate.swift in Sources */,
				94CB9A84207EC30300F6BC1E /* SinglyLinkedList.swift in Sources */,
				94CB9AA72081619500F6BC1E /* GenericSinglyLinkedList.swift in Sources */,
				94CB9A80207842B000F6BC1E /* BubbleSort.swift in Sources */,
			);
			runOnlyForDeploymentPostprocessing = 0;
		};
		94BE915E20783BF100597B82 /* Sources */ = {
			isa = PBXSourcesBuildPhase;
			buildActionMask = 2147483647;
			files = (
				94CB9AA520815EF600F6BC1E /* GenericSingleNodeSpec.swift in Sources */,
				94CB9AAB208166FD00F6BC1E /* GenericSinglyLinkedListSpec.swift in Sources */,
				94CB9A97207FF83B00F6BC1E /* DoublyLinkedListSpec.swift in Sources */,
				94CB9A8220787E8600F6BC1E /* BubbleSortSpec.swift in Sources */,
				94CB9A88207EC32A00F6BC1E /* SinglyLinkedListSpec.swift in Sources */,
				94CB9AB32084032E00F6BC1E /* Int+ReverseSpec.swift in Sources */,
				94CB9AA120813A2100F6BC1E /* StackSpec.swift in Sources */,
				94BE916520783BF100597B82 /* TestSpec.swift in Sources */,
				94CB9A94207FF2A500F6BC1E /* DoubleNodeSpec.swift in Sources */,
				94CB9A8C207EC37000F6BC1E /* SingleNodeSpec.swift in Sources */,
				94CB9A9D20805EA500F6BC1E /* String+ReverseSpec.swift in Sources */,
				94CB9AAF2082DB6D00F6BC1E /* String+PalindromeSpec.swift in Sources */,
			);
			runOnlyForDeploymentPostprocessing = 0;
		};
/* End PBXSourcesBuildPhase section */

/* Begin PBXTargetDependency section */
		94BE916820783BF100597B82 /* PBXTargetDependency */ = {
			isa = PBXTargetDependency;
			target = 947430DC207837CA00C81A4B /* AlgorithmsAndDataStructuresInSwift */;
			targetProxy = 94BE916720783BF100597B82 /* PBXContainerItemProxy */;
		};
/* End PBXTargetDependency section */

/* Begin PBXVariantGroup section */
		947430E4207837CA00C81A4B /* Main.storyboard */ = {
			isa = PBXVariantGroup;
			children = (
				947430E5207837CA00C81A4B /* Base */,
			);
			name = Main.storyboard;
			sourceTree = "<group>";
		};
		947430E9207837CB00C81A4B /* LaunchScreen.storyboard */ = {
			isa = PBXVariantGroup;
			children = (
				947430EA207837CB00C81A4B /* Base */,
			);
			name = LaunchScreen.storyboard;
			sourceTree = "<group>";
		};
/* End PBXVariantGroup section */

/* Begin XCBuildConfiguration section */
		947430ED207837CB00C81A4B /* Debug */ = {
			isa = XCBuildConfiguration;
			buildSettings = {
				ALWAYS_SEARCH_USER_PATHS = NO;
				CLANG_ANALYZER_NONNULL = YES;
				CLANG_ANALYZER_NUMBER_OBJECT_CONVERSION = YES_AGGRESSIVE;
				CLANG_CXX_LANGUAGE_STANDARD = "gnu++14";
				CLANG_CXX_LIBRARY = "libc++";
				CLANG_ENABLE_MODULES = YES;
				CLANG_ENABLE_OBJC_ARC = YES;
				CLANG_ENABLE_OBJC_WEAK = YES;
				CLANG_WARN_BLOCK_CAPTURE_AUTORELEASING = YES;
				CLANG_WARN_BOOL_CONVERSION = YES;
				CLANG_WARN_COMMA = YES;
				CLANG_WARN_CONSTANT_CONVERSION = YES;
				CLANG_WARN_DEPRECATED_OBJC_IMPLEMENTATIONS = YES;
				CLANG_WARN_DIRECT_OBJC_ISA_USAGE = YES_ERROR;
				CLANG_WARN_DOCUMENTATION_COMMENTS = YES;
				CLANG_WARN_EMPTY_BODY = YES;
				CLANG_WARN_ENUM_CONVERSION = YES;
				CLANG_WARN_INFINITE_RECURSION = YES;
				CLANG_WARN_INT_CONVERSION = YES;
				CLANG_WARN_NON_LITERAL_NULL_CONVERSION = YES;
				CLANG_WARN_OBJC_IMPLICIT_RETAIN_SELF = YES;
				CLANG_WARN_OBJC_LITERAL_CONVERSION = YES;
				CLANG_WARN_OBJC_ROOT_CLASS = YES_ERROR;
				CLANG_WARN_RANGE_LOOP_ANALYSIS = YES;
				CLANG_WARN_STRICT_PROTOTYPES = YES;
				CLANG_WARN_SUSPICIOUS_MOVE = YES;
				CLANG_WARN_UNGUARDED_AVAILABILITY = YES_AGGRESSIVE;
				CLANG_WARN_UNREACHABLE_CODE = YES;
				CLANG_WARN__DUPLICATE_METHOD_MATCH = YES;
				CODE_SIGN_IDENTITY = "iPhone Developer";
				COPY_PHASE_STRIP = NO;
				DEBUG_INFORMATION_FORMAT = dwarf;
				ENABLE_STRICT_OBJC_MSGSEND = YES;
				ENABLE_TESTABILITY = YES;
				GCC_C_LANGUAGE_STANDARD = gnu11;
				GCC_DYNAMIC_NO_PIC = NO;
				GCC_NO_COMMON_BLOCKS = YES;
				GCC_OPTIMIZATION_LEVEL = 0;
				GCC_PREPROCESSOR_DEFINITIONS = (
					"DEBUG=1",
					"$(inherited)",
				);
				GCC_WARN_64_TO_32_BIT_CONVERSION = YES;
				GCC_WARN_ABOUT_RETURN_TYPE = YES_ERROR;
				GCC_WARN_UNDECLARED_SELECTOR = YES;
				GCC_WARN_UNINITIALIZED_AUTOS = YES_AGGRESSIVE;
				GCC_WARN_UNUSED_FUNCTION = YES;
				GCC_WARN_UNUSED_VARIABLE = YES;
				IPHONEOS_DEPLOYMENT_TARGET = 11.0;
				MTL_ENABLE_DEBUG_INFO = YES;
				ONLY_ACTIVE_ARCH = YES;
				SDKROOT = iphoneos;
				SWIFT_ACTIVE_COMPILATION_CONDITIONS = DEBUG;
				SWIFT_OPTIMIZATION_LEVEL = "-Onone";
				SWIFT_VERSION = 4.0;
			};
			name = Debug;
		};
		947430EE207837CB00C81A4B /* Release */ = {
			isa = XCBuildConfiguration;
			buildSettings = {
				ALWAYS_SEARCH_USER_PATHS = NO;
				CLANG_ANALYZER_NONNULL = YES;
				CLANG_ANALYZER_NUMBER_OBJECT_CONVERSION = YES_AGGRESSIVE;
				CLANG_CXX_LANGUAGE_STANDARD = "gnu++14";
				CLANG_CXX_LIBRARY = "libc++";
				CLANG_ENABLE_MODULES = YES;
				CLANG_ENABLE_OBJC_ARC = YES;
				CLANG_ENABLE_OBJC_WEAK = YES;
				CLANG_WARN_BLOCK_CAPTURE_AUTORELEASING = YES;
				CLANG_WARN_BOOL_CONVERSION = YES;
				CLANG_WARN_COMMA = YES;
				CLANG_WARN_CONSTANT_CONVERSION = YES;
				CLANG_WARN_DEPRECATED_OBJC_IMPLEMENTATIONS = YES;
				CLANG_WARN_DIRECT_OBJC_ISA_USAGE = YES_ERROR;
				CLANG_WARN_DOCUMENTATION_COMMENTS = YES;
				CLANG_WARN_EMPTY_BODY = YES;
				CLANG_WARN_ENUM_CONVERSION = YES;
				CLANG_WARN_INFINITE_RECURSION = YES;
				CLANG_WARN_INT_CONVERSION = YES;
				CLANG_WARN_NON_LITERAL_NULL_CONVERSION = YES;
				CLANG_WARN_OBJC_IMPLICIT_RETAIN_SELF = YES;
				CLANG_WARN_OBJC_LITERAL_CONVERSION = YES;
				CLANG_WARN_OBJC_ROOT_CLASS = YES_ERROR;
				CLANG_WARN_RANGE_LOOP_ANALYSIS = YES;
				CLANG_WARN_STRICT_PROTOTYPES = YES;
				CLANG_WARN_SUSPICIOUS_MOVE = YES;
				CLANG_WARN_UNGUARDED_AVAILABILITY = YES_AGGRESSIVE;
				CLANG_WARN_UNREACHABLE_CODE = YES;
				CLANG_WARN__DUPLICATE_METHOD_MATCH = YES;
				CODE_SIGN_IDENTITY = "iPhone Developer";
				COPY_PHASE_STRIP = NO;
				DEBUG_INFORMATION_FORMAT = "dwarf-with-dsym";
				ENABLE_NS_ASSERTIONS = NO;
				ENABLE_STRICT_OBJC_MSGSEND = YES;
				GCC_C_LANGUAGE_STANDARD = gnu11;
				GCC_NO_COMMON_BLOCKS = YES;
				GCC_WARN_64_TO_32_BIT_CONVERSION = YES;
				GCC_WARN_ABOUT_RETURN_TYPE = YES_ERROR;
				GCC_WARN_UNDECLARED_SELECTOR = YES;
				GCC_WARN_UNINITIALIZED_AUTOS = YES_AGGRESSIVE;
				GCC_WARN_UNUSED_FUNCTION = YES;
				GCC_WARN_UNUSED_VARIABLE = YES;
				IPHONEOS_DEPLOYMENT_TARGET = 11.0;
				MTL_ENABLE_DEBUG_INFO = NO;
				SDKROOT = iphoneos;
				SWIFT_COMPILATION_MODE = wholemodule;
				SWIFT_OPTIMIZATION_LEVEL = "-O";
				SWIFT_VERSION = 4.0;
				VALIDATE_PRODUCT = YES;
			};
			name = Release;
		};
		947430F0207837CB00C81A4B /* Debug */ = {
			isa = XCBuildConfiguration;
			baseConfigurationReference = ED98151E623575A12B6EF542 /* Pods-AlgorithmsAndDataStructuresInSwift.debug.xcconfig */;
			buildSettings = {
				ASSETCATALOG_COMPILER_APPICON_NAME = AppIcon;
				CODE_SIGN_STYLE = Manual;
				DEVELOPMENT_TEAM = "";
				INFOPLIST_FILE = "AlgorithmsAndDataStructuresInSwift/Supporting Files/Info.plist";
				LD_RUNPATH_SEARCH_PATHS = (
					"$(inherited)",
					"@executable_path/Frameworks",
				);
				PRODUCT_BUNDLE_IDENTIFIER = rkb.AlgorithmsAndDataStructuresInSwift;
				PRODUCT_NAME = "$(TARGET_NAME)";
				PROVISIONING_PROFILE_SPECIFIER = "";
				SWIFT_VERSION = 4.0;
				TARGETED_DEVICE_FAMILY = "1,2";
			};
			name = Debug;
		};
		947430F1207837CB00C81A4B /* Release */ = {
			isa = XCBuildConfiguration;
			baseConfigurationReference = 107C753A2ABDD70CB5E471C5 /* Pods-AlgorithmsAndDataStructuresInSwift.release.xcconfig */;
			buildSettings = {
				ASSETCATALOG_COMPILER_APPICON_NAME = AppIcon;
				CODE_SIGN_STYLE = Manual;
				DEVELOPMENT_TEAM = "";
				INFOPLIST_FILE = "AlgorithmsAndDataStructuresInSwift/Supporting Files/Info.plist";
				LD_RUNPATH_SEARCH_PATHS = (
					"$(inherited)",
					"@executable_path/Frameworks",
				);
				PRODUCT_BUNDLE_IDENTIFIER = rkb.AlgorithmsAndDataStructuresInSwift;
				PRODUCT_NAME = "$(TARGET_NAME)";
				PROVISIONING_PROFILE_SPECIFIER = "";
				SWIFT_VERSION = 4.0;
				TARGETED_DEVICE_FAMILY = "1,2";
			};
			name = Release;
		};
		94BE916920783BF100597B82 /* Debug */ = {
			isa = XCBuildConfiguration;
			baseConfigurationReference = 9002B60AD6C8D70030D06084 /* Pods-Specs.debug.xcconfig */;
			buildSettings = {
				BUNDLE_LOADER = "$(TEST_HOST)";
				CODE_SIGN_STYLE = Manual;
				DEVELOPMENT_TEAM = "";
				INFOPLIST_FILE = "Specs/Supporting Files/Info.plist";
				LD_RUNPATH_SEARCH_PATHS = (
					"$(inherited)",
					"@executable_path/Frameworks",
					"@loader_path/Frameworks",
				);
				PRODUCT_BUNDLE_IDENTIFIER = rkb.Specs;
				PRODUCT_NAME = "$(TARGET_NAME)";
				PROVISIONING_PROFILE_SPECIFIER = "";
				SWIFT_VERSION = 4.0;
				TARGETED_DEVICE_FAMILY = "1,2";
				TEST_HOST = "$(BUILT_PRODUCTS_DIR)/AlgorithmsAndDataStructuresInSwift.app/AlgorithmsAndDataStructuresInSwift";
			};
			name = Debug;
		};
		94BE916A20783BF100597B82 /* Release */ = {
			isa = XCBuildConfiguration;
			baseConfigurationReference = 5ACD4936ECF80FF05514D91A /* Pods-Specs.release.xcconfig */;
			buildSettings = {
				BUNDLE_LOADER = "$(TEST_HOST)";
				CODE_SIGN_STYLE = Manual;
				DEVELOPMENT_TEAM = "";
				INFOPLIST_FILE = "Specs/Supporting Files/Info.plist";
				LD_RUNPATH_SEARCH_PATHS = (
					"$(inherited)",
					"@executable_path/Frameworks",
					"@loader_path/Frameworks",
				);
				PRODUCT_BUNDLE_IDENTIFIER = rkb.Specs;
				PRODUCT_NAME = "$(TARGET_NAME)";
				PROVISIONING_PROFILE_SPECIFIER = "";
				SWIFT_VERSION = 4.0;
				TARGETED_DEVICE_FAMILY = "1,2";
				TEST_HOST = "$(BUILT_PRODUCTS_DIR)/AlgorithmsAndDataStructuresInSwift.app/AlgorithmsAndDataStructuresInSwift";
			};
			name = Release;
		};
/* End XCBuildConfiguration section */

/* Begin XCConfigurationList section */
		947430D8207837CA00C81A4B /* Build configuration list for PBXProject "AlgorithmsAndDataStructuresInSwift" */ = {
			isa = XCConfigurationList;
			buildConfigurations = (
				947430ED207837CB00C81A4B /* Debug */,
				947430EE207837CB00C81A4B /* Release */,
			);
			defaultConfigurationIsVisible = 0;
			defaultConfigurationName = Release;
		};
		947430EF207837CB00C81A4B /* Build configuration list for PBXNativeTarget "AlgorithmsAndDataStructuresInSwift" */ = {
			isa = XCConfigurationList;
			buildConfigurations = (
				947430F0207837CB00C81A4B /* Debug */,
				947430F1207837CB00C81A4B /* Release */,
			);
			defaultConfigurationIsVisible = 0;
			defaultConfigurationName = Release;
		};
		94BE916B20783BF100597B82 /* Build configuration list for PBXNativeTarget "Specs" */ = {
			isa = XCConfigurationList;
			buildConfigurations = (
				94BE916920783BF100597B82 /* Debug */,
				94BE916A20783BF100597B82 /* Release */,
			);
			defaultConfigurationIsVisible = 0;
			defaultConfigurationName = Release;
		};
/* End XCConfigurationList section */
	};
	rootObject = 947430D5207837CA00C81A4B /* Project object */;
}
